
Microsoft Visual Studio Solution File, Format Version 12.00
# Visual Studio Version 17
VisualStudioVersion = 17.7.34202.233
MinimumVisualStudioVersion = 10.0.40219.1
Project("{9A19103F-16F7-4668-BE54-9A1E7A4F7556}") = "ProductReview.Server", "ProductReview\Server\ProductReview.Server.csproj", "{487EEFC5-3BD1-43A6-B188-19EE19DA97A0}"
EndProject
Project("{9A19103F-16F7-4668-BE54-9A1E7A4F7556}") = "ProductReview.Client", "ProductReview\Client\ProductReview.Client.csproj", "{8E220550-FD90-42A9-9D15-8B1D74A957DC}"
EndProject
Project("{9A19103F-16F7-4668-BE54-9A1E7A4F7556}") = "ProductReview.Shared", "ProductReview\Shared\ProductReview.Shared.csproj", "{1520CCD0-C0A4-41CB-A1E1-B6693B490022}"
EndProject
Global
	GlobalSection(SolutionConfigurationPlatforms) = preSolution
		Debug|Any CPU = Debug|Any CPU
		Release|Any CPU = Release|Any CPU
	EndGlobalSection
	GlobalSection(ProjectConfigurationPlatforms) = postSolution
		{487EEFC5-3BD1-43A6-B188-19EE19DA97A0}.Debug|Any CPU.ActiveCfg = Debug|Any CPU
		{487EEFC5-3BD1-43A6-B188-19EE19DA97A0}.Debug|Any CPU.Build.0 = Debug|Any CPU
		{487EEFC5-3BD1-43A6-B188-19EE19DA97A0}.Release|Any CPU.ActiveCfg = Release|Any CPU
		{487EEFC5-3BD1-43A6-B188-19EE19DA97A0}.Release|Any CPU.Build.0 = Release|Any CPU
		{8E220550-FD90-42A9-9D15-8B1D74A957DC}.Debug|Any CPU.ActiveCfg = Debug|Any CPU
		{8E220550-FD90-42A9-9D15-8B1D74A957DC}.Debug|Any CPU.Build.0 = Debug|Any CPU
		{8E220550-FD90-42A9-9D15-8B1D74A957DC}.Release|Any CPU.ActiveCfg = Release|Any CPU
		{8E220550-FD90-42A9-9D15-8B1D74A957DC}.Release|Any CPU.Build.0 = Release|Any CPU
		{1520CCD0-C0A4-41CB-A1E1-B6693B490022}.Debug|Any CPU.ActiveCfg = Debug|Any CPU
		{1520CCD0-C0A4-41CB-A1E1-B6693B490022}.Debug|Any CPU.Build.0 = Debug|Any CPU
		{1520CCD0-C0A4-41CB-A1E1-B6693B490022}.Release|Any CPU.ActiveCfg = Release|Any CPU
		{1520CCD0-C0A4-41CB-A1E1-B6693B490022}.Release|Any CPU.Build.0 = Release|Any CPU
	EndGlobalSection
	GlobalSection(SolutionProperties) = preSolution
		HideSolutionNode = FALSE
	EndGlobalSection
	GlobalSection(ExtensibilityGlobals) = postSolution
		SolutionGuid = {48DA1FE7-A403-4AD3-84D6-D8E16D1BE106}
	EndGlobalSection
EndGlobal
